apiVersion: vendir.k14s.io/v1alpha1
directories:
- contents:
  - githubRelease:
      tag: v1.30.0
      url: https://api.github.com/repos/cloudnative-pg/cloudnative-pg/releases/346387279
    path: .
  path: vendored/cnpg/base
- contents:
  - githubRelease:
      tag: v0.13.0
      url: https://api.github.com/repos/cloudnative-pg/plugin-barman-cloud/releases/337122108
    path: .
  path: vendored/barman-cloud-plugin/base
- contents:
  - githubRelease:
      tag: v1.21.0
      url: https://api.github.com/repos/cert-manager/cert-manager/releases/351202071
    path: .
  path: vendored/cert-manager/base
- contents:
  - git:
      commitTitle: Update Contour Docker image to v1.33.5....
      sha: 2713ad0e0ebd5d192a53803cef4c1c3a69692b1c
      tags:
      - v1.33.5
    path: .
  path: vendored/contour/base
- contents:
  - git:
      commitTitle: 'feat(doppler): include HTTP status in API errors (#6489)...'
      sha: e215053f3e68504de7483f9542b49f19f98293a1
      tags:
      - v2.7.0
    path: .
  path: vendored/external-secrets-crds/base
- contents:
  - git:
      commitTitle: 'feat: add GHCR build workflow and update Dockerfile...'
      sha: 8c71a9a98e0064d44e90ec02b13e336570c39cc7
      tags:
      - v0.4.0
    path: .
  path: vendored/kubelet-rubber-stamp/base
- contents:
  - git:
      commitTitle: Update VPA default version to 1.6.0
      sha: 9196162ba12e637ce4482107e1c17bcb80599050
      tags:
      - vertical-pod-autoscaler/v1.6.0
    path: .
  path: vendored/vpa/base
- contents:
  - githubRelease:
      tag: v0.9.0
      url: https://api.github.com/repos/kubernetes-sigs/metrics-server/releases/353064132
    path: .
  path: vendored/metrics-server/base
- contents:
  - git:
      commitTitle: 'chore: release v2.0.2'
      sha: 5ddf675726ca29f137b13b11c0a73fe823949adb
      tags:
      - v2.0.2
    path: .
  path: vendored/vikunja/base
kind: LockConfig
